
Microsoft Visual Studio Solution File, Format Version 12.00
# Visual Studio 15
VisualStudioVersion = 15.0.28307.645
MinimumVisualStudioVersion = 10.0.40219.1
Project("{FAE04EC0-301F-11D3-BF4B-00C04F79EFBC}") = "ConverterClient", "ConverterClient\ConverterClient.csproj", "{0A449E47-671B-4536-8D44-B654FFFDC3EE}"
EndProject
Global
	GlobalSection(SolutionConfigurationPlatforms) = preSolution
		Debug|Any CPU = Debug|Any CPU
		Release|Any CPU = Release|Any CPU
	EndGlobalSection
	GlobalSection(ProjectConfigurationPlatforms) = postSolution
		{0A449E47-671B-4536-8D44-B654FFFDC3EE}.Debug|Any CPU.ActiveCfg = Debug|Any CPU
		{0A449E47-671B-4536-8D44-B654FFFDC3EE}.Debug|Any CPU.Build.0 = Debug|Any CPU
		{0A449E47-671B-4536-8D44-B654FFFDC3EE}.Release|Any CPU.ActiveCfg = Release|Any CPU
		{0A449E47-671B-4536-8D44-B654FFFDC3EE}.Release|Any CPU.Build.0 = Release|Any CPU
	EndGlobalSection
	GlobalSection(SolutionProperties) = preSolution
		HideSolutionNode = FALSE
	EndGlobalSection
	GlobalSection(ExtensibilityGlobals) = postSolution
		SolutionGuid = {34865116-7DA8-4CEA-A884-CA2B362E0E45}
	EndGlobalSection
EndGlobal
